
Microsoft Visual Studio Solution File, Format Version 12.00
# Visual Studio Version 17
VisualStudioVersion = 17.11.35327.3
MinimumVisualStudioVersion = 10.0.40219.1
Project("{FAE04EC0-301F-11D3-BF4B-00C04F79EFBC}") = "google-auth", "google-auth\google-auth.csproj", "{4DC01880-CEF3-4CBC-8708-A94F1DBECE06}"
EndProject
Global
	GlobalSection(SolutionConfigurationPlatforms) = preSolution
		Debug|Any CPU = Debug|Any CPU
		Release|Any CPU = Release|Any CPU
	EndGlobalSection
	GlobalSection(ProjectConfigurationPlatforms) = postSolution
		{4DC01880-CEF3-4CBC-8708-A94F1DBECE06}.Debug|Any CPU.ActiveCfg = Debug|Any CPU
		{4DC01880-CEF3-4CBC-8708-A94F1DBECE06}.Debug|Any CPU.Build.0 = Debug|Any CPU
		{4DC01880-CEF3-4CBC-8708-A94F1DBECE06}.Release|Any CPU.ActiveCfg = Release|Any CPU
		{4DC01880-CEF3-4CBC-8708-A94F1DBECE06}.Release|Any CPU.Build.0 = Release|Any CPU
	EndGlobalSection
	GlobalSection(SolutionProperties) = preSolution
		HideSolutionNode = FALSE
	EndGlobalSection
	GlobalSection(ExtensibilityGlobals) = postSolution
		SolutionGuid = {CCC055C5-DD6B-4007-8078-FBA98787D6C1}
	EndGlobalSection
EndGlobal
